{
  "name": "final-project",
  "lockfileVersion": 3,
  "requires": true,
  "packages": {
    "": {
      "dependencies": {
        "@mapbox/geojson-rewind": "^0.5.2"
      }
    },
    "node_modules/@mapbox/geojson-rewind": {
      "version": "0.5.2",
      "resolved": "https://registry.npmjs.org/@mapbox/geojson-rewind/-/geojson-rewind-0.5.2.tgz",
      "integrity": "sha512-tJaT+RbYGJYStt7wI3cq4Nl4SXxG8W7JDG5DMJu97V25RnbNg3QtQtf+KD+VLjNpWKYsRvXDNmNrBgEETr1ifA==",
      "dependencies": {
        "get-stream": "^6.0.1",
        "minimist": "^1.2.6"
      },
      "bin": {
        "geojson-rewind": "geojson-rewind"
      }
    },
    "node_modules/get-stream": {
      "version": "6.0.1",
      "resolved": "https://registry.npmjs.org/get-stream/-/get-stream-6.0.1.tgz",
      "integrity": "sha512-ts6Wi+2j3jQjqi70w5AlN8DFnkSwC+MqmxEzdEALB2qXZYV3X/b1CTfgPLGJNMeAWxdPfU8FO1ms3NUfaHCPYg==",
      "engines": {
        "node": ">=10"
      },
      "funding": {
        "url": "https://github.com/sponsors/sindresorhus"
      }
    },
    "node_modules/minimist": {
      "version": "1.2.8",
      "resolved": "https://registry.npmjs.org/minimist/-/minimist-1.2.8.tgz",
      "integrity": "sha512-2yyAR8qBkN3YuheJanUpWC5U3bb5osDywNB8RzDVlDwDHbocAJveqqj1u8+SVD7jkWT4yvsHCpWqqWqAxb0zCA==",
      "funding": {
        "url": "https://github.com/sponsors/ljharb"
      }
    }
  }
}
